
Microsoft Visual Studio Solution File, Format Version 12.00
# Visual Studio Version 16
VisualStudioVersion = 16.0.32413.511
MinimumVisualStudioVersion = 10.0.40219.1
Project("{FAE04EC0-301F-11D3-BF4B-00C04F79EFBC}") = "Kopiowanie folderow i plikow", "Kopiowanie folderow i plikow\Kopiowanie folderow i plikow.csproj", "{E69F3D4F-D620-4419-AD7D-2E09A631D6E4}"
EndProject
Global
	GlobalSection(SolutionConfigurationPlatforms) = preSolution
		Debug|Any CPU = Debug|Any CPU
		Release|Any CPU = Release|Any CPU
	EndGlobalSection
	GlobalSection(ProjectConfigurationPlatforms) = postSolution
		{E69F3D4F-D620-4419-AD7D-2E09A631D6E4}.Debug|Any CPU.ActiveCfg = Debug|Any CPU
		{E69F3D4F-D620-4419-AD7D-2E09A631D6E4}.Debug|Any CPU.Build.0 = Debug|Any CPU
		{E69F3D4F-D620-4419-AD7D-2E09A631D6E4}.Release|Any CPU.ActiveCfg = Release|Any CPU
		{E69F3D4F-D620-4419-AD7D-2E09A631D6E4}.Release|Any CPU.Build.0 = Release|Any CPU
	EndGlobalSection
	GlobalSection(SolutionProperties) = preSolution
		HideSolutionNode = FALSE
	EndGlobalSection
	GlobalSection(ExtensibilityGlobals) = postSolution
		SolutionGuid = {E40FC636-43FB-4EFB-8D1F-AEF8680C0E98}
	EndGlobalSection
EndGlobal
